
Microsoft Visual Studio Solution File, Format Version 12.00
# Visual Studio Version 17
VisualStudioVersion = 17.5.002.0
MinimumVisualStudioVersion = 10.0.40219.1
Project("{2150E333-8FDC-42A3-9474-1A3956D46DE8}") = "csharp-prep", "csharp-prep", "{2A7AEC43-4D16-4BAB-A937-92E3A04B3A6D}"
EndProject
Project("{9A19103F-16F7-4668-BE54-9A1E7A4F7556}") = "Prep1", "csharp-prep\Prep1\Prep1.csproj", "{DE1D0484-986A-4449-9AA5-62D1E6DF149A}"
EndProject
Project("{9A19103F-16F7-4668-BE54-9A1E7A4F7556}") = "Prep2", "csharp-prep\Prep2\Prep2.csproj", "{08F3A765-7AB7-4677-AAB3-46186E783A3D}"
EndProject
Project("{9A19103F-16F7-4668-BE54-9A1E7A4F7556}") = "Prep3", "csharp-prep\Prep3\Prep3.csproj", "{C20A76BB-B103-4B8A-9A47-DA57C13EB8EB}"
EndProject
Project("{9A19103F-16F7-4668-BE54-9A1E7A4F7556}") = "Prep4", "csharp-prep\Prep4\Prep4.csproj", "{CC016551-467D-454C-A424-C4FEC913257C}"
EndProject
Project("{9A19103F-16F7-4668-BE54-9A1E7A4F7556}") = "Prep5", "csharp-prep\Prep5\Prep5.csproj", "{43F4F3FC-554C-48C7-A916-2D833974F3E8}"
EndProject
Project("{2150E333-8FDC-42A3-9474-1A3956D46DE8}") = "final", "final", "{61E4C960-35A2-4BE7-A7A0-DF000005937D}"
EndProject
Project("{9A19103F-16F7-4668-BE54-9A1E7A4F7556}") = "FinalProject", "final\FinalProject\FinalProject.csproj", "{4A076634-1236-407C-9958-A93BC1691459}"
EndProject
Project("{9A19103F-16F7-4668-BE54-9A1E7A4F7556}") = "Foundation1", "final\Foundation1\Foundation1.csproj", "{5EBB523A-37F2-4D43-8330-EAD21B02AD3A}"
EndProject
Project("{9A19103F-16F7-4668-BE54-9A1E7A4F7556}") = "Foundation2", "final\Foundation2\Foundation2.csproj", "{832C223F-417D-4C9E-87BB-BECC61C99616}"
EndProject
Project("{9A19103F-16F7-4668-BE54-9A1E7A4F7556}") = "Foundation3", "final\Foundation3\Foundation3.csproj", "{53F5CA72-8216-4D9B-AED1-EDE17FB393E8}"
EndProject
Project("{9A19103F-16F7-4668-BE54-9A1E7A4F7556}") = "Foundation4", "final\Foundation4\Foundation4.csproj", "{BA38EE31-5367-4795-AB9C-2AE25C5E6F3C}"
EndProject
Project("{2150E333-8FDC-42A3-9474-1A3956D46DE8}") = "prepare", "prepare", "{A08BA57E-B24C-4B98-9CC0-C625FF00BD3B}"
EndProject
Project("{9A19103F-16F7-4668-BE54-9A1E7A4F7556}") = "Learning02", "prepare\Learning02\Learning02.csproj", "{6B3D55D1-907A-4840-BF63-532C6639725F}"
EndProject
Project("{9A19103F-16F7-4668-BE54-9A1E7A4F7556}") = "Learning03", "prepare\Learning03\Learning03.csproj", "{D1EFF83F-8043-43A2-BC81-6EA5F258DB36}"
EndProject
Project("{9A19103F-16F7-4668-BE54-9A1E7A4F7556}") = "Learning04", "prepare\Learning04\Learning04.csproj", "{2A30DF34-CF4F-4804-BE0C-48A330B0D765}"
EndProject
Project("{9A19103F-16F7-4668-BE54-9A1E7A4F7556}") = "Learning05", "prepare\Learning05\Learning05.csproj", "{98E1BA0D-E871-419A-970D-F66896F8B298}"
EndProject
Project("{2150E333-8FDC-42A3-9474-1A3956D46DE8}") = "prove", "prove", "{5240B500-C3EE-4720-A3FB-F5FC2EF5780A}"
EndProject
Project("{9A19103F-16F7-4668-BE54-9A1E7A4F7556}") = "Develop02", "prove\Develop02\Develop02.csproj", "{1F679FC7-3959-4E86-AA28-05E08D0494BC}"
EndProject
Project("{9A19103F-16F7-4668-BE54-9A1E7A4F7556}") = "Develop03", "prove\Develop03\Develop03.csproj", "{25FD7575-1BAA-4553-9763-2F91B243AA48}"
EndProject
Project("{9A19103F-16F7-4668-BE54-9A1E7A4F7556}") = "Develop04", "prove\Develop04\Develop04.csproj", "{85A4D2D6-8414-44EE-BAF7-2150028442FE}"
EndProject
Project("{9A19103F-16F7-4668-BE54-9A1E7A4F7556}") = "Develop05", "prove\Develop05\Develop05.csproj", "{629F870A-D7A2-490E-9F9E-F3A20E31CA81}"
EndProject
Project("{2150E333-8FDC-42A3-9474-1A3956D46DE8}") = "sandbox", "sandbox", "{1DE3F930-B027-4673-AB79-3C2F912892F2}"
EndProject
Project("{9A19103F-16F7-4668-BE54-9A1E7A4F7556}") = "Sandbox", "sandbox\Sandbox\Sandbox.csproj", "{C531BBB2-84CF-4078-9187-A68FA69061F4}"
EndProject
Global
	GlobalSection(SolutionConfigurationPlatforms) = preSolution
		Debug|Any CPU = Debug|Any CPU
		Release|Any CPU = Release|Any CPU
	EndGlobalSection
	GlobalSection(ProjectConfigurationPlatforms) = postSolution
		{DE1D0484-986A-4449-9AA5-62D1E6DF149A}.Debug|Any CPU.ActiveCfg = Debug|Any CPU
		{DE1D0484-986A-4449-9AA5-62D1E6DF149A}.Debug|Any CPU.Build.0 = Debug|Any CPU
		{DE1D0484-986A-4449-9AA5-62D1E6DF149A}.Release|Any CPU.ActiveCfg = Release|Any CPU
		{DE1D0484-986A-4449-9AA5-62D1E6DF149A}.Release|Any CPU.Build.0 = Release|Any CPU
		{08F3A765-7AB7-4677-AAB3-46186E783A3D}.Debug|Any CPU.ActiveCfg = Debug|Any CPU
		{08F3A765-7AB7-4677-AAB3-46186E783A3D}.Debug|Any CPU.Build.0 = Debug|Any CPU
		{08F3A765-7AB7-4677-AAB3-46186E783A3D}.Release|Any CPU.ActiveCfg = Release|Any CPU
		{08F3A765-7AB7-4677-AAB3-46186E783A3D}.Release|Any CPU.Build.0 = Release|Any CPU
		{C20A76BB-B103-4B8A-9A47-DA57C13EB8EB}.Debug|Any CPU.ActiveCfg = Debug|Any CPU
		{C20A76BB-B103-4B8A-9A47-DA57C13EB8EB}.Debug|Any CPU.Build.0 = Debug|Any CPU
		{C20A76BB-B103-4B8A-9A47-DA57C13EB8EB}.Release|Any CPU.ActiveCfg = Release|Any CPU
		{C20A76BB-B103-4B8A-9A47-DA57C13EB8EB}.Release|Any CPU.Build.0 = Release|Any CPU
		{CC016551-467D-454C-A424-C4FEC913257C}.Debug|Any CPU.ActiveCfg = Debug|Any CPU
		{CC016551-467D-454C-A424-C4FEC913257C}.Debug|Any CPU.Build.0 = Debug|Any CPU
		{CC016551-467D-454C-A424-C4FEC913257C}.Release|Any CPU.ActiveCfg = Release|Any CPU
		{CC016551-467D-454C-A424-C4FEC913257C}.Release|Any CPU.Build.0 = Release|Any CPU
		{43F4F3FC-554C-48C7-A916-2D833974F3E8}.Debug|Any CPU.ActiveCfg = Debug|Any CPU
		{43F4F3FC-554C-48C7-A916-2D833974F3E8}.Debug|Any CPU.Build.0 = Debug|Any CPU
		{43F4F3FC-554C-48C7-A916-2D833974F3E8}.Release|Any CPU.ActiveCfg = Release|Any CPU
		{43F4F3FC-554C-48C7-A916-2D833974F3E8}.Release|Any CPU.Build.0 = Release|Any CPU
		{4A076634-1236-407C-9958-A93BC1691459}.Debug|Any CPU.ActiveCfg = Debug|Any CPU
		{4A076634-1236-407C-9958-A93BC1691459}.Debug|Any CPU.Build.0 = Debug|Any CPU
		{4A076634-1236-407C-9958-A93BC1691459}.Release|Any CPU.ActiveCfg = Release|Any CPU
		{4A076634-1236-407C-9958-A93BC1691459}.Release|Any CPU.Build.0 = Release|Any CPU
		{5EBB523A-37F2-4D43-8330-EAD21B02AD3A}.Debug|Any CPU.ActiveCfg = Debug|Any CPU
		{5EBB523A-37F2-4D43-8330-EAD21B02AD3A}.Debug|Any CPU.Build.0 = Debug|Any CPU
		{5EBB523A-37F2-4D43-8330-EAD21B02AD3A}.Release|Any CPU.ActiveCfg = Release|Any CPU
		{5EBB523A-37F2-4D43-8330-EAD21B02AD3A}.Release|Any CPU.Build.0 = Release|Any CPU
		{832C223F-417D-4C9E-87BB-BECC61C99616}.Debug|Any CPU.ActiveCfg = Debug|Any CPU
		{832C223F-417D-4C9E-87BB-BECC61C99616}.Debug|Any CPU.Build.0 = Debug|Any CPU
		{832C223F-417D-4C9E-87BB-BECC61C99616}.Release|Any CPU.ActiveCfg = Release|Any CPU
		{832C223F-417D-4C9E-87BB-BECC61C99616}.Release|Any CPU.Build.0 = Release|Any CPU
		{53F5CA72-8216-4D9B-AED1-EDE17FB393E8}.Debug|Any CPU.ActiveCfg = Debug|Any CPU
		{53F5CA72-8216-4D9B-AED1-EDE17FB393E8}.Debug|Any CPU.Build.0 = Debug|Any CPU
		{53F5CA72-8216-4D9B-AED1-EDE17FB393E8}.Release|Any CPU.ActiveCfg = Release|Any CPU
		{53F5CA72-8216-4D9B-AED1-EDE17FB393E8}.Release|Any CPU.Build.0 = Release|Any CPU
		{BA38EE31-5367-4795-AB9C-2AE25C5E6F3C}.Debug|Any CPU.ActiveCfg = Debug|Any CPU
		{BA38EE31-5367-4795-AB9C-2AE25C5E6F3C}.Debug|Any CPU.Build.0 = Debug|Any CPU
		{BA38EE31-5367-4795-AB9C-2AE25C5E6F3C}.Release|Any CPU.ActiveCfg = Release|Any CPU
		{BA38EE31-5367-4795-AB9C-2AE25C5E6F3C}.Release|Any CPU.Build.0 = Release|Any CPU
		{6B3D55D1-907A-4840-BF63-532C6639725F}.Debug|Any CPU.ActiveCfg = Debug|Any CPU
		{6B3D55D1-907A-4840-BF63-532C6639725F}.Debug|Any CPU.Build.0 = Debug|Any CPU
		{6B3D55D1-907A-4840-BF63-532C6639725F}.Release|Any CPU.ActiveCfg = Release|Any CPU
		{6B3D55D1-907A-4840-BF63-532C6639725F}.Release|Any CPU.Build.0 = Release|Any CPU
		{D1EFF83F-8043-43A2-BC81-6EA5F258DB36}.Debug|Any CPU.ActiveCfg = Debug|Any CPU
		{D1EFF83F-8043-43A2-BC81-6EA5F258DB36}.Debug|Any CPU.Build.0 = Debug|Any CPU
		{D1EFF83F-8043-43A2-BC81-6EA5F258DB36}.Release|Any CPU.ActiveCfg = Release|Any CPU
		{D1EFF83F-8043-43A2-BC81-6EA5F258DB36}.Release|Any CPU.Build.0 = Release|Any CPU
		{2A30DF34-CF4F-4804-BE0C-48A330B0D765}.Debug|Any CPU.ActiveCfg = Debug|Any CPU
		{2A30DF34-CF4F-4804-BE0C-48A330B0D765}.Debug|Any CPU.Build.0 = Debug|Any CPU
		{2A30DF34-CF4F-4804-BE0C-48A330B0D765}.Release|Any CPU.ActiveCfg = Release|Any CPU
		{2A30DF34-CF4F-4804-BE0C-48A330B0D765}.Release|Any CPU.Build.0 = Release|Any CPU
		{98E1BA0D-E871-419A-970D-F66896F8B298}.Debug|Any CPU.ActiveCfg = Debug|Any CPU
		{98E1BA0D-E871-419A-970D-F66896F8B298}.Debug|Any CPU.Build.0 = Debug|Any CPU
		{98E1BA0D-E871-419A-970D-F66896F8B298}.Release|Any CPU.ActiveCfg = Release|Any CPU
		{98E1BA0D-E871-419A-970D-F66896F8B298}.Release|Any CPU.Build.0 = Release|Any CPU
		{1F679FC7-3959-4E86-AA28-05E08D0494BC}.Debug|Any CPU.ActiveCfg = Debug|Any CPU
		{1F679FC7-3959-4E86-AA28-05E08D0494BC}.Debug|Any CPU.Build.0 = Debug|Any CPU
		{1F679FC7-3959-4E86-AA28-05E08D0494BC}.Release|Any CPU.ActiveCfg = Release|Any CPU
		{1F679FC7-3959-4E86-AA28-05E08D0494BC}.Release|Any CPU.Build.0 = Release|Any CPU
		{25FD7575-1BAA-4553-9763-2F91B243AA48}.Debug|Any CPU.ActiveCfg = Debug|Any CPU
		{25FD7575-1BAA-4553-9763-2F91B243AA48}.Debug|Any CPU.Build.0 = Debug|Any CPU
		{25FD7575-1BAA-4553-9763-2F91B243AA48}.Release|Any CPU.ActiveCfg = Release|Any CPU
		{25FD7575-1BAA-4553-9763-2F91B243AA48}.Release|Any CPU.Build.0 = Release|Any CPU
		{85A4D2D6-8414-44EE-BAF7-2150028442FE}.Debug|Any CPU.ActiveCfg = Debug|Any CPU
		{85A4D2D6-8414-44EE-BAF7-2150028442FE}.Debug|Any CPU.Build.0 = Debug|Any CPU
		{85A4D2D6-8414-44EE-BAF7-2150028442FE}.Release|Any CPU.ActiveCfg = Release|Any CPU
		{85A4D2D6-8414-44EE-BAF7-2150028442FE}.Release|Any CPU.Build.0 = Release|Any CPU
		{629F870A-D7A2-490E-9F9E-F3A20E31CA81}.Debug|Any CPU.ActiveCfg = Debug|Any CPU
		{629F870A-D7A2-490E-9F9E-F3A20E31CA81}.Debug|Any CPU.Build.0 = Debug|Any CPU
		{629F870A-D7A2-490E-9F9E-F3A20E31CA81}.Release|Any CPU.ActiveCfg = Release|Any CPU
		{629F870A-D7A2-490E-9F9E-F3A20E31CA81}.Release|Any CPU.Build.0 = Release|Any CPU
		{C531BBB2-84CF-4078-9187-A68FA69061F4}.Debug|Any CPU.ActiveCfg = Debug|Any CPU
		{C531BBB2-84CF-4078-9187-A68FA69061F4}.Debug|Any CPU.Build.0 = Debug|Any CPU
		{C531BBB2-84CF-4078-9187-A68FA69061F4}.Release|Any CPU.ActiveCfg = Release|Any CPU
		{C531BBB2-84CF-4078-9187-A68FA69061F4}.Release|Any CPU.Build.0 = Release|Any CPU
	EndGlobalSection
	GlobalSection(SolutionProperties) = preSolution
		HideSolutionNode = FALSE
	EndGlobalSection
	GlobalSection(NestedProjects) = preSolution
		{DE1D0484-986A-4449-9AA5-62D1E6DF149A} = {2A7AEC43-4D16-4BAB-A937-92E3A04B3A6D}
		{08F3A765-7AB7-4677-AAB3-46186E783A3D} = {2A7AEC43-4D16-4BAB-A937-92E3A04B3A6D}
		{C20A76BB-B103-4B8A-9A47-DA57C13EB8EB} = {2A7AEC43-4D16-4BAB-A937-92E3A04B3A6D}
		{CC016551-467D-454C-A424-C4FEC913257C} = {2A7AEC43-4D16-4BAB-A937-92E3A04B3A6D}
		{43F4F3FC-554C-48C7-A916-2D833974F3E8} = {2A7AEC43-4D16-4BAB-A937-92E3A04B3A6D}
		{4A076634-1236-407C-9958-A93BC1691459} = {61E4C960-35A2-4BE7-A7A0-DF000005937D}
		{5EBB523A-37F2-4D43-8330-EAD21B02AD3A} = {61E4C960-35A2-4BE7-A7A0-DF000005937D}
		{832C223F-417D-4C9E-87BB-BECC61C99616} = {61E4C960-35A2-4BE7-A7A0-DF000005937D}
		{53F5CA72-8216-4D9B-AED1-EDE17FB393E8} = {61E4C960-35A2-4BE7-A7A0-DF000005937D}
		{BA38EE31-5367-4795-AB9C-2AE25C5E6F3C} = {61E4C960-35A2-4BE7-A7A0-DF000005937D}
		{6B3D55D1-907A-4840-BF63-532C6639725F} = {A08BA57E-B24C-4B98-9CC0-C625FF00BD3B}
		{D1EFF83F-8043-43A2-BC81-6EA5F258DB36} = {A08BA57E-B24C-4B98-9CC0-C625FF00BD3B}
		{2A30DF34-CF4F-4804-BE0C-48A330B0D765} = {A08BA57E-B24C-4B98-9CC0-C625FF00BD3B}
		{98E1BA0D-E871-419A-970D-F66896F8B298} = {A08BA57E-B24C-4B98-9CC0-C625FF00BD3B}
		{1F679FC7-3959-4E86-AA28-05E08D0494BC} = {5240B500-C3EE-4720-A3FB-F5FC2EF5780A}
		{25FD7575-1BAA-4553-9763-2F91B243AA48} = {5240B500-C3EE-4720-A3FB-F5FC2EF5780A}
		{85A4D2D6-8414-44EE-BAF7-2150028442FE} = {5240B500-C3EE-4720-A3FB-F5FC2EF5780A}
		{629F870A-D7A2-490E-9F9E-F3A20E31CA81} = {5240B500-C3EE-4720-A3FB-F5FC2EF5780A}
		{C531BBB2-84CF-4078-9187-A68FA69061F4} = {1DE3F930-B027-4673-AB79-3C2F912892F2}
	EndGlobalSection
	GlobalSection(ExtensibilityGlobals) = postSolution
		SolutionGuid = {BB807BB5-7899-45E4-B7DF-92F498536146}
	EndGlobalSection
EndGlobal
